
Microsoft Visual Studio Solution File, Format Version 12.00
# Visual Studio Version 17
VisualStudioVersion = 17.14.36203.30 d17.14
MinimumVisualStudioVersion = 10.0.40219.1
Project("{FAE04EC0-301F-11D3-BF4B-00C04F79EFBC}") = "ServanaAPP", "ServanaAPP\ServanaAPP.csproj", "{80B47EE9-C294-4824-883E-C6F362A3AF86}"
EndProject
Global
	GlobalSection(SolutionConfigurationPlatforms) = preSolution
		Debug|Any CPU = Debug|Any CPU
		Release|Any CPU = Release|Any CPU
	EndGlobalSection
	GlobalSection(ProjectConfigurationPlatforms) = postSolution
		{80B47EE9-C294-4824-883E-C6F362A3AF86}.Debug|Any CPU.ActiveCfg = Debug|Any CPU
		{80B47EE9-C294-4824-883E-C6F362A3AF86}.Debug|Any CPU.Build.0 = Debug|Any CPU
		{80B47EE9-C294-4824-883E-C6F362A3AF86}.Release|Any CPU.ActiveCfg = Release|Any CPU
		{80B47EE9-C294-4824-883E-C6F362A3AF86}.Release|Any CPU.Build.0 = Release|Any CPU
	EndGlobalSection
	GlobalSection(SolutionProperties) = preSolution
		HideSolutionNode = FALSE
	EndGlobalSection
	GlobalSection(ExtensibilityGlobals) = postSolution
		SolutionGuid = {4E51CDE7-7F46-49B9-BBED-5F72D9434E0B}
	EndGlobalSection
EndGlobal
